// !$*UTF8*$!
{
	archiveVersion = 1;
	classes = {
	};
	objectVersion = 55;
	objects = {

/* Begin PBXBuildFile section */
		B3226E90287D4DB900CBCB49 /* AddPlanView.swift in Sources */ = {isa = PBXBuildFile; fileRef = B3226E8F287D4DB900CBCB49 /* AddPlanView.swift */; };
		B3226E93287D4DEA00CBCB49 /* Dailies.swift in Sources */ = {isa = PBXBuildFile; fileRef = B3226E92287D4DEA00CBCB49 /* Dailies.swift */; };
		B3226E95287D4ECB00CBCB49 /* Plan.swift in Sources */ = {isa = PBXBuildFile; fileRef = B3226E94287D4ECB00CBCB49 /* Plan.swift */; };
		B3226E98287D4F1A00CBCB49 /* NavigationAppearance.swift in Sources */ = {isa = PBXBuildFile; fileRef = B3226E97287D4F1A00CBCB49 /* NavigationAppearance.swift */; };
		B3226E9A287D504F00CBCB49 /* Actionable.swift in Sources */ = {isa = PBXBuildFile; fileRef = B3226E99287D504F00CBCB49 /* Actionable.swift */; };
		B3226EA1287D508100CBCB49 /* Goal.swift in Sources */ = {isa = PBXBuildFile; fileRef = B3226E9B287D508100CBCB49 /* Goal.swift */; };
		B3226EA2287D508100CBCB49 /* StringExtension.swift in Sources */ = {isa = PBXBuildFile; fileRef = B3226E9C287D508100CBCB49 /* StringExtension.swift */; };
		B3226EA3287D508100CBCB49 /* Rank.swift in Sources */ = {isa = PBXBuildFile; fileRef = B3226E9D287D508100CBCB49 /* Rank.swift */; };
		B3226EA5287D508100CBCB49 /* RepeatAction.swift in Sources */ = {isa = PBXBuildFile; fileRef = B3226E9F287D508100CBCB49 /* RepeatAction.swift */; };
		B3226EA6287D508100CBCB49 /* User.swift in Sources */ = {isa = PBXBuildFile; fileRef = B3226EA0287D508100CBCB49 /* User.swift */; };
		B33BD08B288A9B6C003AC334 /* ActionSubmissionView.swift in Sources */ = {isa = PBXBuildFile; fileRef = B33BD08A288A9B6C003AC334 /* ActionSubmissionView.swift */; };
		B33BD08E288A9E20003AC334 /* EditActionView.swift in Sources */ = {isa = PBXBuildFile; fileRef = B33BD08D288A9E20003AC334 /* EditActionView.swift */; };
		B340B2E2287EB2D200120673 /* LoginView.swift in Sources */ = {isa = PBXBuildFile; fileRef = B340B2E1287EB2D200120673 /* LoginView.swift */; };
		B340B2E6288002A700120673 /* PlanDetailView.swift in Sources */ = {isa = PBXBuildFile; fileRef = B340B2E5288002A700120673 /* PlanDetailView.swift */; };
		B340B2E928801AA000120673 /* PlanModel.swift in Sources */ = {isa = PBXBuildFile; fileRef = B340B2E828801AA000120673 /* PlanModel.swift */; };
		B340B2EC28801B5800120673 /* PlanStruct.swift in Sources */ = {isa = PBXBuildFile; fileRef = B340B2EB28801B5800120673 /* PlanStruct.swift */; };
		B359A0F1288A8EA200C72159 /* IntroView.swift in Sources */ = {isa = PBXBuildFile; fileRef = B359A0F0288A8EA200C72159 /* IntroView.swift */; };
		B35B934E287C1A380056C847 /* BuddyGoalsApp.swift in Sources */ = {isa = PBXBuildFile; fileRef = B35B934D287C1A380056C847 /* BuddyGoalsApp.swift */; };
		B35B9350287C1A380056C847 /* ContentView.swift in Sources */ = {isa = PBXBuildFile; fileRef = B35B934F287C1A380056C847 /* ContentView.swift */; };
		B35B9352287C1A390056C847 /* Assets.xcassets in Resources */ = {isa = PBXBuildFile; fileRef = B35B9351287C1A390056C847 /* Assets.xcassets */; };
		B35B9355287C1A390056C847 /* Preview Assets.xcassets in Resources */ = {isa = PBXBuildFile; fileRef = B35B9354287C1A390056C847 /* Preview Assets.xcassets */; };
		B35B9357287C1A390056C847 /* Persistence.swift in Sources */ = {isa = PBXBuildFile; fileRef = B35B9356287C1A390056C847 /* Persistence.swift */; };
		B35B935A287C1A390056C847 /* BuddyGoals.xcdatamodeld in Sources */ = {isa = PBXBuildFile; fileRef = B35B9358287C1A390056C847 /* BuddyGoals.xcdatamodeld */; };
		B35B9364287C1A390056C847 /* BuddyGoalsTests.swift in Sources */ = {isa = PBXBuildFile; fileRef = B35B9363287C1A390056C847 /* BuddyGoalsTests.swift */; };
		B35B936E287C1A390056C847 /* BuddyGoalsUITests.swift in Sources */ = {isa = PBXBuildFile; fileRef = B35B936D287C1A390056C847 /* BuddyGoalsUITests.swift */; };
		B35B9370287C1A390056C847 /* BuddyGoalsUITestsLaunchTests.swift in Sources */ = {isa = PBXBuildFile; fileRef = B35B936F287C1A390056C847 /* BuddyGoalsUITestsLaunchTests.swift */; };
		B3A89293287D535000694732 /* ScrollPlanView.swift in Sources */ = {isa = PBXBuildFile; fileRef = B3A89291287D535000694732 /* ScrollPlanView.swift */; };
		B3A89294287D535000694732 /* PlanHomeView.swift in Sources */ = {isa = PBXBuildFile; fileRef = B3A89292287D535000694732 /* PlanHomeView.swift */; };
		B3A89298287D53A400694732 /* MainView.swift in Sources */ = {isa = PBXBuildFile; fileRef = B3A89295287D53A400694732 /* MainView.swift */; };
		B3A89299287D53A400694732 /* GoalView.swift in Sources */ = {isa = PBXBuildFile; fileRef = B3A89296287D53A400694732 /* GoalView.swift */; };
		B3A8929A287D53A400694732 /* CompanionView.swift in Sources */ = {isa = PBXBuildFile; fileRef = B3A89297287D53A400694732 /* CompanionView.swift */; };
		B3A8929C287D53D500694732 /* ColorsSet.swift in Sources */ = {isa = PBXBuildFile; fileRef = B3A8929B287D53D500694732 /* ColorsSet.swift */; };
		B3A8929E287D53FE00694732 /* AddActionView.swift in Sources */ = {isa = PBXBuildFile; fileRef = B3A8929D287D53FE00694732 /* AddActionView.swift */; };
		B3A892A0287D549700694732 /* ProfileView.swift in Sources */ = {isa = PBXBuildFile; fileRef = B3A8929F287D549700694732 /* ProfileView.swift */; };
		B3A892A5287D550D00694732 /* CardHomeView.swift in Sources */ = {isa = PBXBuildFile; fileRef = B3A892A4287D550D00694732 /* CardHomeView.swift */; };
		B3A892A7287D552C00694732 /* SubmissionPicker.swift in Sources */ = {isa = PBXBuildFile; fileRef = B3A892A6287D552C00694732 /* SubmissionPicker.swift */; };
		B3A892AB287D5D3500694732 /* OnboardingView.swift in Sources */ = {isa = PBXBuildFile; fileRef = B3A892AA287D5D3500694732 /* OnboardingView.swift */; };
		B8880BCE2887EA7A003A1AD2 /* BuddyView.swift in Sources */ = {isa = PBXBuildFile; fileRef = B8880BCD2887EA7A003A1AD2 /* BuddyView.swift */; };
		B8880BD02887FD20003A1AD2 /* BuddyProfileView.swift in Sources */ = {isa = PBXBuildFile; fileRef = B8880BCF2887FD20003A1AD2 /* BuddyProfileView.swift */; };
		B8880BD328893212003A1AD2 /* NeedApproveCard.swift in Sources */ = {isa = PBXBuildFile; fileRef = B8880BD228893212003A1AD2 /* NeedApproveCard.swift */; };
		B8880BD52889334F003A1AD2 /* WaitingSubmissionCard.swift in Sources */ = {isa = PBXBuildFile; fileRef = B8880BD42889334F003A1AD2 /* WaitingSubmissionCard.swift */; };
		B8880BD7288933CD003A1AD2 /* ApprovedCard.swift in Sources */ = {isa = PBXBuildFile; fileRef = B8880BD6288933CD003A1AD2 /* ApprovedCard.swift */; };
		F73A88EA2882C47000213726 /* CoreDataPartner+CoreDataClass.swift in Sources */ = {isa = PBXBuildFile; fileRef = F73A88DE2882C47000213726 /* CoreDataPartner+CoreDataClass.swift */; };
		F73A88EB2882C47000213726 /* CoreDataPartner+CoreDataProperties.swift in Sources */ = {isa = PBXBuildFile; fileRef = F73A88DF2882C47000213726 /* CoreDataPartner+CoreDataProperties.swift */; };
		F73A88EC2882C47000213726 /* CoreDataUser+CoreDataClass.swift in Sources */ = {isa = PBXBuildFile; fileRef = F73A88E02882C47000213726 /* CoreDataUser+CoreDataClass.swift */; };
		F73A88ED2882C47000213726 /* CoreDataUser+CoreDataProperties.swift in Sources */ = {isa = PBXBuildFile; fileRef = F73A88E12882C47000213726 /* CoreDataUser+CoreDataProperties.swift */; };
		F73A88EE2882C47000213726 /* CoreDataPlan+CoreDataClass.swift in Sources */ = {isa = PBXBuildFile; fileRef = F73A88E22882C47000213726 /* CoreDataPlan+CoreDataClass.swift */; };
		F73A88EF2882C47000213726 /* CoreDataPlan+CoreDataProperties.swift in Sources */ = {isa = PBXBuildFile; fileRef = F73A88E32882C47000213726 /* CoreDataPlan+CoreDataProperties.swift */; };
		F73A88F02882C47000213726 /* CoreDataGoal+CoreDataClass.swift in Sources */ = {isa = PBXBuildFile; fileRef = F73A88E42882C47000213726 /* CoreDataGoal+CoreDataClass.swift */; };
		F73A88F12882C47000213726 /* CoreDataGoal+CoreDataProperties.swift in Sources */ = {isa = PBXBuildFile; fileRef = F73A88E52882C47000213726 /* CoreDataGoal+CoreDataProperties.swift */; };
		F73A88F22882C47000213726 /* CoreDataAction+CoreDataClass.swift in Sources */ = {isa = PBXBuildFile; fileRef = F73A88E62882C47000213726 /* CoreDataAction+CoreDataClass.swift */; };
		F73A88F32882C47000213726 /* CoreDataAction+CoreDataProperties.swift in Sources */ = {isa = PBXBuildFile; fileRef = F73A88E72882C47000213726 /* CoreDataAction+CoreDataProperties.swift */; };
		F73A88F42882C47000213726 /* CoreDataActionRecord+CoreDataClass.swift in Sources */ = {isa = PBXBuildFile; fileRef = F73A88E82882C47000213726 /* CoreDataActionRecord+CoreDataClass.swift */; };
		F73A88F52882C47000213726 /* CoreDataActionRecord+CoreDataProperties.swift in Sources */ = {isa = PBXBuildFile; fileRef = F73A88E92882C47000213726 /* CoreDataActionRecord+CoreDataProperties.swift */; };
		F73A88FB2886999400213726 /* CoreDataHandler.swift in Sources */ = {isa = PBXBuildFile; fileRef = F73A88FA2886999400213726 /* CoreDataHandler.swift */; };
		F73A88FD28869D4300213726 /* GoalViewModel.swift in Sources */ = {isa = PBXBuildFile; fileRef = F73A88FC28869D4300213726 /* GoalViewModel.swift */; };
		F73A88FF2886BCCC00213726 /* PlanView.swift in Sources */ = {isa = PBXBuildFile; fileRef = F73A88FE2886BCCC00213726 /* PlanView.swift */; };
		F73A8901288800A000213726 /* ProfileViewModel.swift in Sources */ = {isa = PBXBuildFile; fileRef = F73A8900288800A000213726 /* ProfileViewModel.swift */; };
		F73A89032888FBB600213726 /* EditActionViewModel.swift in Sources */ = {isa = PBXBuildFile; fileRef = F73A89022888FBB600213726 /* EditActionViewModel.swift */; };
		F73A8905288AD20A00213726 /* AddActionViewModel.swift in Sources */ = {isa = PBXBuildFile; fileRef = F73A8904288AD20A00213726 /* AddActionViewModel.swift */; };
		F73A8907288AEA9200213726 /* OnboardingViewModel.swift in Sources */ = {isa = PBXBuildFile; fileRef = F73A8906288AEA9200213726 /* OnboardingViewModel.swift */; };
/* End PBXBuildFile section */

/* Begin PBXContainerItemProxy section */
		B35B9360287C1A390056C847 /* PBXContainerItemProxy */ = {
			isa = PBXContainerItemProxy;
			containerPortal = B35B9342287C1A380056C847 /* Project object */;
			proxyType = 1;
			remoteGlobalIDString = B35B9349287C1A380056C847;
			remoteInfo = BuddyGoals;
		};
		B35B936A287C1A390056C847 /* PBXContainerItemProxy */ = {
			isa = PBXContainerItemProxy;
			containerPortal = B35B9342287C1A380056C847 /* Project object */;
			proxyType = 1;
			remoteGlobalIDString = B35B9349287C1A380056C847;
			remoteInfo = BuddyGoals;
		};
/* End PBXContainerItemProxy section */

/* Begin PBXFileReference section */
		B3226E8F287D4DB900CBCB49 /* AddPlanView.swift */ = {isa = PBXFileReference; lastKnownFileType = sourcecode.swift; path = AddPlanView.swift; sourceTree = "<group>"; };
		B3226E92287D4DEA00CBCB49 /* Dailies.swift */ = {isa = PBXFileReference; lastKnownFileType = sourcecode.swift; path = Dailies.swift; sourceTree = "<group>"; };
		B3226E94287D4ECB00CBCB49 /* Plan.swift */ = {isa = PBXFileReference; lastKnownFileType = sourcecode.swift; path = Plan.swift; sourceTree = "<group>"; };
		B3226E97287D4F1A00CBCB49 /* NavigationAppearance.swift */ = {isa = PBXFileReference; lastKnownFileType = sourcecode.swift; path = NavigationAppearance.swift; sourceTree = "<group>"; };
		B3226E99287D504F00CBCB49 /* Actionable.swift */ = {isa = PBXFileReference; lastKnownFileType = sourcecode.swift; path = Actionable.swift; sourceTree = "<group>"; };
		B3226E9B287D508100CBCB49 /* Goal.swift */ = {isa = PBXFileReference; fileEncoding = 4; lastKnownFileType = sourcecode.swift; path = Goal.swift; sourceTree = "<group>"; };
		B3226E9C287D508100CBCB49 /* StringExtension.swift */ = {isa = PBXFileReference; fileEncoding = 4; lastKnownFileType = sourcecode.swift; path = StringExtension.swift; sourceTree = "<group>"; };
		B3226E9D287D508100CBCB49 /* Rank.swift */ = {isa = PBXFileReference; fileEncoding = 4; lastKnownFileType = sourcecode.swift; path = Rank.swift; sourceTree = "<group>"; };
		B3226E9F287D508100CBCB49 /* RepeatAction.swift */ = {isa = PBXFileReference; fileEncoding = 4; lastKnownFileType = sourcecode.swift; path = RepeatAction.swift; sourceTree = "<group>"; };
		B3226EA0287D508100CBCB49 /* User.swift */ = {isa = PBXFileReference; fileEncoding = 4; lastKnownFileType = sourcecode.swift; path = User.swift; sourceTree = "<group>"; };
		B33BD08A288A9B6C003AC334 /* ActionSubmissionView.swift */ = {isa = PBXFileReference; lastKnownFileType = sourcecode.swift; path = ActionSubmissionView.swift; sourceTree = "<group>"; };
		B33BD08D288A9E20003AC334 /* EditActionView.swift */ = {isa = PBXFileReference; lastKnownFileType = sourcecode.swift; path = EditActionView.swift; sourceTree = "<group>"; };
		B340B2E1287EB2D200120673 /* LoginView.swift */ = {isa = PBXFileReference; lastKnownFileType = sourcecode.swift; path = LoginView.swift; sourceTree = "<group>"; };
		B340B2E5288002A700120673 /* PlanDetailView.swift */ = {isa = PBXFileReference; lastKnownFileType = sourcecode.swift; path = PlanDetailView.swift; sourceTree = "<group>"; };
		B340B2E828801AA000120673 /* PlanModel.swift */ = {isa = PBXFileReference; lastKnownFileType = sourcecode.swift; path = PlanModel.swift; sourceTree = "<group>"; };
		B340B2EB28801B5800120673 /* PlanStruct.swift */ = {isa = PBXFileReference; lastKnownFileType = sourcecode.swift; path = PlanStruct.swift; sourceTree = "<group>"; };
		B359A0F0288A8EA200C72159 /* IntroView.swift */ = {isa = PBXFileReference; fileEncoding = 4; lastKnownFileType = sourcecode.swift; path = IntroView.swift; sourceTree = "<group>"; };
		B35B934A287C1A380056C847 /* BuddyGoals.app */ = {isa = PBXFileReference; explicitFileType = wrapper.application; includeInIndex = 0; path = BuddyGoals.app; sourceTree = BUILT_PRODUCTS_DIR; };
		B35B934D287C1A380056C847 /* BuddyGoalsApp.swift */ = {isa = PBXFileReference; lastKnownFileType = sourcecode.swift; path = BuddyGoalsApp.swift; sourceTree = "<group>"; };
		B35B934F287C1A380056C847 /* ContentView.swift */ = {isa = PBXFileReference; lastKnownFileType = sourcecode.swift; path = ContentView.swift; sourceTree = "<group>"; };
		B35B9351287C1A390056C847 /* Assets.xcassets */ = {isa = PBXFileReference; lastKnownFileType = folder.assetcatalog; path = Assets.xcassets; sourceTree = "<group>"; };
		B35B9354287C1A390056C847 /* Preview Assets.xcassets */ = {isa = PBXFileReference; lastKnownFileType = folder.assetcatalog; path = "Preview Assets.xcassets"; sourceTree = "<group>"; };
		B35B9356287C1A390056C847 /* Persistence.swift */ = {isa = PBXFileReference; lastKnownFileType = sourcecode.swift; path = Persistence.swift; sourceTree = "<group>"; };
		B35B9359287C1A390056C847 /* BuddyGoals.xcdatamodel */ = {isa = PBXFileReference; lastKnownFileType = wrapper.xcdatamodel; path = BuddyGoals.xcdatamodel; sourceTree = "<group>"; };
		B35B935F287C1A390056C847 /* BuddyGoalsTests.xctest */ = {isa = PBXFileReference; explicitFileType = wrapper.cfbundle; includeInIndex = 0; path = BuddyGoalsTests.xctest; sourceTree = BUILT_PRODUCTS_DIR; };
		B35B9363287C1A390056C847 /* BuddyGoalsTests.swift */ = {isa = PBXFileReference; lastKnownFileType = sourcecode.swift; path = BuddyGoalsTests.swift; sourceTree = "<group>"; };
		B35B9369287C1A390056C847 /* BuddyGoalsUITests.xctest */ = {isa = PBXFileReference; explicitFileType = wrapper.cfbundle; includeInIndex = 0; path = BuddyGoalsUITests.xctest; sourceTree = BUILT_PRODUCTS_DIR; };
		B35B936D287C1A390056C847 /* BuddyGoalsUITests.swift */ = {isa = PBXFileReference; lastKnownFileType = sourcecode.swift; path = BuddyGoalsUITests.swift; sourceTree = "<group>"; };
		B35B936F287C1A390056C847 /* BuddyGoalsUITestsLaunchTests.swift */ = {isa = PBXFileReference; lastKnownFileType = sourcecode.swift; path = BuddyGoalsUITestsLaunchTests.swift; sourceTree = "<group>"; };
		B3A89291287D535000694732 /* ScrollPlanView.swift */ = {isa = PBXFileReference; fileEncoding = 4; lastKnownFileType = sourcecode.swift; path = ScrollPlanView.swift; sourceTree = "<group>"; };
		B3A89292287D535000694732 /* PlanHomeView.swift */ = {isa = PBXFileReference; fileEncoding = 4; lastKnownFileType = sourcecode.swift; path = PlanHomeView.swift; sourceTree = "<group>"; };
		B3A89295287D53A400694732 /* MainView.swift */ = {isa = PBXFileReference; fileEncoding = 4; lastKnownFileType = sourcecode.swift; name = MainView.swift; path = HomeView/MainView.swift; sourceTree = "<group>"; };
		B3A89296287D53A400694732 /* GoalView.swift */ = {isa = PBXFileReference; fileEncoding = 4; lastKnownFileType = sourcecode.swift; name = GoalView.swift; path = HomeView/GoalView.swift; sourceTree = "<group>"; };
		B3A89297287D53A400694732 /* CompanionView.swift */ = {isa = PBXFileReference; fileEncoding = 4; lastKnownFileType = sourcecode.swift; path = CompanionView.swift; sourceTree = "<group>"; };
		B3A8929B287D53D500694732 /* ColorsSet.swift */ = {isa = PBXFileReference; fileEncoding = 4; lastKnownFileType = sourcecode.swift; path = ColorsSet.swift; sourceTree = "<group>"; };
		B3A8929D287D53FE00694732 /* AddActionView.swift */ = {isa = PBXFileReference; fileEncoding = 4; lastKnownFileType = sourcecode.swift; path = AddActionView.swift; sourceTree = "<group>"; };
		B3A8929F287D549700694732 /* ProfileView.swift */ = {isa = PBXFileReference; fileEncoding = 4; lastKnownFileType = sourcecode.swift; name = ProfileView.swift; path = HomeView/ProfileView.swift; sourceTree = "<group>"; };
		B3A892A4287D550D00694732 /* CardHomeView.swift */ = {isa = PBXFileReference; fileEncoding = 4; lastKnownFileType = sourcecode.swift; path = CardHomeView.swift; sourceTree = "<group>"; };
		B3A892A6287D552C00694732 /* SubmissionPicker.swift */ = {isa = PBXFileReference; lastKnownFileType = sourcecode.swift; path = SubmissionPicker.swift; sourceTree = "<group>"; };
		B3A892AA287D5D3500694732 /* OnboardingView.swift */ = {isa = PBXFileReference; lastKnownFileType = sourcecode.swift; path = OnboardingView.swift; sourceTree = "<group>"; };
		B8880BCD2887EA7A003A1AD2 /* BuddyView.swift */ = {isa = PBXFileReference; lastKnownFileType = sourcecode.swift; path = BuddyView.swift; sourceTree = "<group>"; };
		B8880BCF2887FD20003A1AD2 /* BuddyProfileView.swift */ = {isa = PBXFileReference; lastKnownFileType = sourcecode.swift; path = BuddyProfileView.swift; sourceTree = "<group>"; };
		B8880BD228893212003A1AD2 /* NeedApproveCard.swift */ = {isa = PBXFileReference; lastKnownFileType = sourcecode.swift; path = NeedApproveCard.swift; sourceTree = "<group>"; };
		B8880BD42889334F003A1AD2 /* WaitingSubmissionCard.swift */ = {isa = PBXFileReference; lastKnownFileType = sourcecode.swift; path = WaitingSubmissionCard.swift; sourceTree = "<group>"; };
		B8880BD6288933CD003A1AD2 /* ApprovedCard.swift */ = {isa = PBXFileReference; lastKnownFileType = sourcecode.swift; path = ApprovedCard.swift; sourceTree = "<group>"; };
		F73A88DE2882C47000213726 /* CoreDataPartner+CoreDataClass.swift */ = {isa = PBXFileReference; lastKnownFileType = sourcecode.swift; path = "CoreDataPartner+CoreDataClass.swift"; sourceTree = "<group>"; };
		F73A88DF2882C47000213726 /* CoreDataPartner+CoreDataProperties.swift */ = {isa = PBXFileReference; lastKnownFileType = sourcecode.swift; path = "CoreDataPartner+CoreDataProperties.swift"; sourceTree = "<group>"; };
		F73A88E02882C47000213726 /* CoreDataUser+CoreDataClass.swift */ = {isa = PBXFileReference; lastKnownFileType = sourcecode.swift; path = "CoreDataUser+CoreDataClass.swift"; sourceTree = "<group>"; };
		F73A88E12882C47000213726 /* CoreDataUser+CoreDataProperties.swift */ = {isa = PBXFileReference; lastKnownFileType = sourcecode.swift; path = "CoreDataUser+CoreDataProperties.swift"; sourceTree = "<group>"; };
		F73A88E22882C47000213726 /* CoreDataPlan+CoreDataClass.swift */ = {isa = PBXFileReference; lastKnownFileType = sourcecode.swift; path = "CoreDataPlan+CoreDataClass.swift"; sourceTree = "<group>"; };
		F73A88E32882C47000213726 /* CoreDataPlan+CoreDataProperties.swift */ = {isa = PBXFileReference; lastKnownFileType = sourcecode.swift; path = "CoreDataPlan+CoreDataProperties.swift"; sourceTree = "<group>"; };
		F73A88E42882C47000213726 /* CoreDataGoal+CoreDataClass.swift */ = {isa = PBXFileReference; lastKnownFileType = sourcecode.swift; path = "CoreDataGoal+CoreDataClass.swift"; sourceTree = "<group>"; };
		F73A88E52882C47000213726 /* CoreDataGoal+CoreDataProperties.swift */ = {isa = PBXFileReference; lastKnownFileType = sourcecode.swift; path = "CoreDataGoal+CoreDataProperties.swift"; sourceTree = "<group>"; };
		F73A88E62882C47000213726 /* CoreDataAction+CoreDataClass.swift */ = {isa = PBXFileReference; lastKnownFileType = sourcecode.swift; path = "CoreDataAction+CoreDataClass.swift"; sourceTree = "<group>"; };
		F73A88E72882C47000213726 /* CoreDataAction+CoreDataProperties.swift */ = {isa = PBXFileReference; lastKnownFileType = sourcecode.swift; path = "CoreDataAction+CoreDataProperties.swift"; sourceTree = "<group>"; };
		F73A88E82882C47000213726 /* CoreDataActionRecord+CoreDataClass.swift */ = {isa = PBXFileReference; lastKnownFileType = sourcecode.swift; path = "CoreDataActionRecord+CoreDataClass.swift"; sourceTree = "<group>"; };
		F73A88E92882C47000213726 /* CoreDataActionRecord+CoreDataProperties.swift */ = {isa = PBXFileReference; lastKnownFileType = sourcecode.swift; path = "CoreDataActionRecord+CoreDataProperties.swift"; sourceTree = "<group>"; };
		F73A88FA2886999400213726 /* CoreDataHandler.swift */ = {isa = PBXFileReference; lastKnownFileType = sourcecode.swift; path = CoreDataHandler.swift; sourceTree = "<group>"; };
		F73A88FC28869D4300213726 /* GoalViewModel.swift */ = {isa = PBXFileReference; lastKnownFileType = sourcecode.swift; path = GoalViewModel.swift; sourceTree = "<group>"; };
		F73A88FE2886BCCC00213726 /* PlanView.swift */ = {isa = PBXFileReference; lastKnownFileType = sourcecode.swift; path = PlanView.swift; sourceTree = "<group>"; };
		F73A8900288800A000213726 /* ProfileViewModel.swift */ = {isa = PBXFileReference; lastKnownFileType = sourcecode.swift; path = ProfileViewModel.swift; sourceTree = "<group>"; };
		F73A89022888FBB600213726 /* EditActionViewModel.swift */ = {isa = PBXFileReference; lastKnownFileType = sourcecode.swift; path = EditActionViewModel.swift; sourceTree = "<group>"; };
		F73A8904288AD20A00213726 /* AddActionViewModel.swift */ = {isa = PBXFileReference; lastKnownFileType = sourcecode.swift; path = AddActionViewModel.swift; sourceTree = "<group>"; };
		F73A8906288AEA9200213726 /* OnboardingViewModel.swift */ = {isa = PBXFileReference; lastKnownFileType = sourcecode.swift; path = OnboardingViewModel.swift; sourceTree = "<group>"; };
/* End PBXFileReference section */

/* Begin PBXFrameworksBuildPhase section */
		B35B9347287C1A380056C847 /* Frameworks */ = {
			isa = PBXFrameworksBuildPhase;
			buildActionMask = 2147483647;
			files = (
			);
			runOnlyForDeploymentPostprocessing = 0;
		};
		B35B935C287C1A390056C847 /* Frameworks */ = {
			isa = PBXFrameworksBuildPhase;
			buildActionMask = 2147483647;
			files = (
			);
			runOnlyForDeploymentPostprocessing = 0;
		};
		B35B9366287C1A390056C847 /* Frameworks */ = {
			isa = PBXFrameworksBuildPhase;
			buildActionMask = 2147483647;
			files = (
			);
			runOnlyForDeploymentPostprocessing = 0;
		};
/* End PBXFrameworksBuildPhase section */

/* Begin PBXGroup section */
		B3226E8D287C1FAB00CBCB49 /* Views */ = {
			isa = PBXGroup;
			children = (
				B8880BCC2887EA64003A1AD2 /* Companion */,
				B3A8929F287D549700694732 /* ProfileView.swift */,
				B3A89296287D53A400694732 /* GoalView.swift */,
				B3A89295287D53A400694732 /* MainView.swift */,
				B359A0EB2887E98D00C72159 /* OnboardingViews */,
				B359A0EA2887E96900C72159 /* HomeView */,
				B340B2E1287EB2D200120673 /* LoginView.swift */,
				B3A89290287D531F00694732 /* Component */,
				B3226E8E287D4DA800CBCB49 /* Modal */,
				B35B934F287C1A380056C847 /* ContentView.swift */,
			);
			path = Views;
			sourceTree = "<group>";
		};
		B3226E8E287D4DA800CBCB49 /* Modal */ = {
			isa = PBXGroup;
			children = (
				B3A8929D287D53FE00694732 /* AddActionView.swift */,
				B33BD08A288A9B6C003AC334 /* ActionSubmissionView.swift */,
				B33BD08D288A9E20003AC334 /* EditActionView.swift */,
				B3226E8F287D4DB900CBCB49 /* AddPlanView.swift */,
				B340B2E5288002A700120673 /* PlanDetailView.swift */,
			);
			path = Modal;
			sourceTree = "<group>";
		};
		B3226E91287D4DDE00CBCB49 /* Object */ = {
			isa = PBXGroup;
			children = (
				F73A88DE2882C47000213726 /* CoreDataPartner+CoreDataClass.swift */,
				F73A88DF2882C47000213726 /* CoreDataPartner+CoreDataProperties.swift */,
				F73A88E02882C47000213726 /* CoreDataUser+CoreDataClass.swift */,
				F73A88E12882C47000213726 /* CoreDataUser+CoreDataProperties.swift */,
				F73A88E22882C47000213726 /* CoreDataPlan+CoreDataClass.swift */,
				F73A88E32882C47000213726 /* CoreDataPlan+CoreDataProperties.swift */,
				F73A88E42882C47000213726 /* CoreDataGoal+CoreDataClass.swift */,
				F73A88E52882C47000213726 /* CoreDataGoal+CoreDataProperties.swift */,
				F73A88E62882C47000213726 /* CoreDataAction+CoreDataClass.swift */,
				F73A88E72882C47000213726 /* CoreDataAction+CoreDataProperties.swift */,
				F73A88E82882C47000213726 /* CoreDataActionRecord+CoreDataClass.swift */,
				F73A88E92882C47000213726 /* CoreDataActionRecord+CoreDataProperties.swift */,
				B3226E9B287D508100CBCB49 /* Goal.swift */,
				B3226E9D287D508100CBCB49 /* Rank.swift */,
				B3226E9F287D508100CBCB49 /* RepeatAction.swift */,
				B3226E9C287D508100CBCB49 /* StringExtension.swift */,
				B3226EA0287D508100CBCB49 /* User.swift */,
				B3226E92287D4DEA00CBCB49 /* Dailies.swift */,
				B3226E94287D4ECB00CBCB49 /* Plan.swift */,
				B3226E99287D504F00CBCB49 /* Actionable.swift */,
			);
			path = Object;
			sourceTree = "<group>";
		};
		B3226E96287D4F0100CBCB49 /* Services */ = {
			isa = PBXGroup;
			children = (
				B3226E97287D4F1A00CBCB49 /* NavigationAppearance.swift */,
				B3A892A6287D552C00694732 /* SubmissionPicker.swift */,
				F73A88FA2886999400213726 /* CoreDataHandler.swift */,
			);
			path = Services;
			sourceTree = "<group>";
		};
		B340B2E728801A8900120673 /* ViewModel */ = {
			isa = PBXGroup;
			children = (
				B340B2E828801AA000120673 /* PlanModel.swift */,
				F73A88FC28869D4300213726 /* GoalViewModel.swift */,
				F73A8900288800A000213726 /* ProfileViewModel.swift */,
				F73A89022888FBB600213726 /* EditActionViewModel.swift */,
				F73A8904288AD20A00213726 /* AddActionViewModel.swift */,
				F73A8906288AEA9200213726 /* OnboardingViewModel.swift */,
			);
			path = ViewModel;
			sourceTree = "<group>";
		};
		B340B2EA28801B1800120673 /* Model */ = {
			isa = PBXGroup;
			children = (
				B340B2EB28801B5800120673 /* PlanStruct.swift */,
			);
			path = Model;
			sourceTree = "<group>";
		};
		B359A0EA2887E96900C72159 /* HomeView */ = {
			isa = PBXGroup;
			children = (
				B3A89297287D53A400694732 /* CompanionView.swift */,
			);
			path = HomeView;
			sourceTree = "<group>";
		};
		B359A0EB2887E98D00C72159 /* OnboardingViews */ = {
			isa = PBXGroup;
			children = (
				B359A0F0288A8EA200C72159 /* IntroView.swift */,
				B3A892AA287D5D3500694732 /* OnboardingView.swift */,
			);
			path = OnboardingViews;
			sourceTree = "<group>";
		};
		B35B9341287C1A380056C847 = {
			isa = PBXGroup;
			children = (
				B35B934C287C1A380056C847 /* BuddyGoals */,
				B35B9362287C1A390056C847 /* BuddyGoalsTests */,
				B35B936C287C1A390056C847 /* BuddyGoalsUITests */,
				B35B934B287C1A380056C847 /* Products */,
			);
			sourceTree = "<group>";
		};
		B35B934B287C1A380056C847 /* Products */ = {
			isa = PBXGroup;
			children = (
				B35B934A287C1A380056C847 /* BuddyGoals.app */,
				B35B935F287C1A390056C847 /* BuddyGoalsTests.xctest */,
				B35B9369287C1A390056C847 /* BuddyGoalsUITests.xctest */,
			);
			name = Products;
			sourceTree = "<group>";
		};
		B35B934C287C1A380056C847 /* BuddyGoals */ = {
			isa = PBXGroup;
			children = (
				B340B2EA28801B1800120673 /* Model */,
				B340B2E728801A8900120673 /* ViewModel */,
				B3226E96287D4F0100CBCB49 /* Services */,
				B3226E91287D4DDE00CBCB49 /* Object */,
				B3226E8D287C1FAB00CBCB49 /* Views */,
				B35B934D287C1A380056C847 /* BuddyGoalsApp.swift */,
				B35B9351287C1A390056C847 /* Assets.xcassets */,
				B35B9356287C1A390056C847 /* Persistence.swift */,
				B35B9358287C1A390056C847 /* BuddyGoals.xcdatamodeld */,
				B35B9353287C1A390056C847 /* Preview Content */,
			);
			path = BuddyGoals;
			sourceTree = "<group>";
		};
		B35B9353287C1A390056C847 /* Preview Content */ = {
			isa = PBXGroup;
			children = (
				B35B9354287C1A390056C847 /* Preview Assets.xcassets */,
			);
			path = "Preview Content";
			sourceTree = "<group>";
		};
		B35B9362287C1A390056C847 /* BuddyGoalsTests */ = {
			isa = PBXGroup;
			children = (
				B35B9363287C1A390056C847 /* BuddyGoalsTests.swift */,
			);
			path = BuddyGoalsTests;
			sourceTree = "<group>";
		};
		B35B936C287C1A390056C847 /* BuddyGoalsUITests */ = {
			isa = PBXGroup;
			children = (
				B35B936D287C1A390056C847 /* BuddyGoalsUITests.swift */,
				B35B936F287C1A390056C847 /* BuddyGoalsUITestsLaunchTests.swift */,
			);
			path = BuddyGoalsUITests;
			sourceTree = "<group>";
		};
		B3A89290287D531F00694732 /* Component */ = {
			isa = PBXGroup;
			children = (
				B3A892A4287D550D00694732 /* CardHomeView.swift */,
				B3A8929B287D53D500694732 /* ColorsSet.swift */,
				B3A89292287D535000694732 /* PlanHomeView.swift */,
				B3A89291287D535000694732 /* ScrollPlanView.swift */,
				F73A88FE2886BCCC00213726 /* PlanView.swift */,
			);
			path = Component;
			sourceTree = "<group>";
		};
		B8880BCC2887EA64003A1AD2 /* Companion */ = {
			isa = PBXGroup;
			children = (
				B8880BD1288931D4003A1AD2 /* Component */,
				B8880BCD2887EA7A003A1AD2 /* BuddyView.swift */,
				B8880BCF2887FD20003A1AD2 /* BuddyProfileView.swift */,
			);
			path = Companion;
			sourceTree = "<group>";
		};
		B8880BD1288931D4003A1AD2 /* Component */ = {
			isa = PBXGroup;
			children = (
				B8880BD228893212003A1AD2 /* NeedApproveCard.swift */,
				B8880BD42889334F003A1AD2 /* WaitingSubmissionCard.swift */,
				B8880BD6288933CD003A1AD2 /* ApprovedCard.swift */,
			);
			path = Component;
			sourceTree = "<group>";
		};
/* End PBXGroup section */

/* Begin PBXNativeTarget section */
		B35B9349287C1A380056C847 /* BuddyGoals */ = {
			isa = PBXNativeTarget;
			buildConfigurationList = B35B9373287C1A390056C847 /* Build configuration list for PBXNativeTarget "BuddyGoals" */;
			buildPhases = (
				B35B9346287C1A380056C847 /* Sources */,
				B35B9347287C1A380056C847 /* Frameworks */,
				B35B9348287C1A380056C847 /* Resources */,
			);
			buildRules = (
			);
			dependencies = (
			);
			name = BuddyGoals;
			productName = BuddyGoals;
			productReference = B35B934A287C1A380056C847 /* BuddyGoals.app */;
			productType = "com.apple.product-type.application";
		};
		B35B935E287C1A390056C847 /* BuddyGoalsTests */ = {
			isa = PBXNativeTarget;
			buildConfigurationList = B35B9376287C1A390056C847 /* Build configuration list for PBXNativeTarget "BuddyGoalsTests" */;
			buildPhases = (
				B35B935B287C1A390056C847 /* Sources */,
				B35B935C287C1A390056C847 /* Frameworks */,
				B35B935D287C1A390056C847 /* Resources */,
			);
			buildRules = (
			);
			dependencies = (
				B35B9361287C1A390056C847 /* PBXTargetDependency */,
			);
			name = BuddyGoalsTests;
			productName = BuddyGoalsTests;
			productReference = B35B935F287C1A390056C847 /* BuddyGoalsTests.xctest */;
			productType = "com.apple.product-type.bundle.unit-test";
		};
		B35B9368287C1A390056C847 /* BuddyGoalsUITests */ = {
			isa = PBXNativeTarget;
			buildConfigurationList = B35B9379287C1A390056C847 /* Build configuration list for PBXNativeTarget "BuddyGoalsUITests" */;
			buildPhases = (
				B35B9365287C1A390056C847 /* Sources */,
				B35B9366287C1A390056C847 /* Frameworks */,
				B35B9367287C1A390056C847 /* Resources */,
			);
			buildRules = (
			);
			dependencies = (
				B35B936B287C1A390056C847 /* PBXTargetDependency */,
			);
			name = BuddyGoalsUITests;
			productName = BuddyGoalsUITests;
			productReference = B35B9369287C1A390056C847 /* BuddyGoalsUITests.xctest */;
			productType = "com.apple.product-type.bundle.ui-testing";
		};
/* End PBXNativeTarget section */

/* Begin PBXProject section */
		B35B9342287C1A380056C847 /* Project object */ = {
			isa = PBXProject;
			attributes = {
				BuildIndependentTargetsInParallel = 1;
				LastSwiftUpdateCheck = 1340;
				LastUpgradeCheck = 1340;
				TargetAttributes = {
					B35B9349287C1A380056C847 = {
						CreatedOnToolsVersion = 13.4.1;
					};
					B35B935E287C1A390056C847 = {
						CreatedOnToolsVersion = 13.4.1;
						TestTargetID = B35B9349287C1A380056C847;
					};
					B35B9368287C1A390056C847 = {
						CreatedOnToolsVersion = 13.4.1;
						TestTargetID = B35B9349287C1A380056C847;
					};
				};
			};
			buildConfigurationList = B35B9345287C1A380056C847 /* Build configuration list for PBXProject "BuddyGoals" */;
			compatibilityVersion = "Xcode 13.0";
			developmentRegion = en;
			hasScannedForEncodings = 0;
			knownRegions = (
				en,
				Base,
			);
			mainGroup = B35B9341287C1A380056C847;
			productRefGroup = B35B934B287C1A380056C847 /* Products */;
			projectDirPath = "";
			projectRoot = "";
			targets = (
				B35B9349287C1A380056C847 /* BuddyGoals */,
				B35B935E287C1A390056C847 /* BuddyGoalsTests */,
				B35B9368287C1A390056C847 /* BuddyGoalsUITests */,
			);
		};
/* End PBXProject section */

/* Begin PBXResourcesBuildPhase section */
		B35B9348287C1A380056C847 /* Resources */ = {
			isa = PBXResourcesBuildPhase;
			buildActionMask = 2147483647;
			files = (
				B35B9355287C1A390056C847 /* Preview Assets.xcassets in Resources */,
				B35B9352287C1A390056C847 /* Assets.xcassets in Resources */,
			);
			runOnlyForDeploymentPostprocessing = 0;
		};
		B35B935D287C1A390056C847 /* Resources */ = {
			isa = PBXResourcesBuildPhase;
			buildActionMask = 2147483647;
			files = (
			);
			runOnlyForDeploymentPostprocessing = 0;
		};
		B35B9367287C1A390056C847 /* Resources */ = {
			isa = PBXResourcesBuildPhase;
			buildActionMask = 2147483647;
			files = (
			);
			runOnlyForDeploymentPostprocessing = 0;
		};
/* End PBXResourcesBuildPhase section */

/* Begin PBXSourcesBuildPhase section */
		B35B9346287C1A380056C847 /* Sources */ = {
			isa = PBXSourcesBuildPhase;
			buildActionMask = 2147483647;
			files = (
				B3226E90287D4DB900CBCB49 /* AddPlanView.swift in Sources */,
				B8880BD328893212003A1AD2 /* NeedApproveCard.swift in Sources */,
				B35B9357287C1A390056C847 /* Persistence.swift in Sources */,
				B3A89293287D535000694732 /* ScrollPlanView.swift in Sources */,
				B3226E95287D4ECB00CBCB49 /* Plan.swift in Sources */,
				B35B935A287C1A390056C847 /* BuddyGoals.xcdatamodeld in Sources */,
				B3A892A7287D552C00694732 /* SubmissionPicker.swift in Sources */,
				F73A88F42882C47000213726 /* CoreDataActionRecord+CoreDataClass.swift in Sources */,
				B340B2E6288002A700120673 /* PlanDetailView.swift in Sources */,
				B3226EA5287D508100CBCB49 /* RepeatAction.swift in Sources */,
				F73A89032888FBB600213726 /* EditActionViewModel.swift in Sources */,
				F73A88EA2882C47000213726 /* CoreDataPartner+CoreDataClass.swift in Sources */,
				B35B9350287C1A380056C847 /* ContentView.swift in Sources */,
				B3A89299287D53A400694732 /* GoalView.swift in Sources */,
				F73A88FB2886999400213726 /* CoreDataHandler.swift in Sources */,
				F73A88F32882C47000213726 /* CoreDataAction+CoreDataProperties.swift in Sources */,
				F73A88F52882C47000213726 /* CoreDataActionRecord+CoreDataProperties.swift in Sources */,
				B3A8929C287D53D500694732 /* ColorsSet.swift in Sources */,
				B3A892AB287D5D3500694732 /* OnboardingView.swift in Sources */,
				F73A8907288AEA9200213726 /* OnboardingViewModel.swift in Sources */,
				B3226E98287D4F1A00CBCB49 /* NavigationAppearance.swift in Sources */,
				F73A88EF2882C47000213726 /* CoreDataPlan+CoreDataProperties.swift in Sources */,
				B3226EA6287D508100CBCB49 /* User.swift in Sources */,
				B359A0F1288A8EA200C72159 /* IntroView.swift in Sources */,
				F73A88FF2886BCCC00213726 /* PlanView.swift in Sources */,
				F73A8901288800A000213726 /* ProfileViewModel.swift in Sources */,
				B33BD08E288A9E20003AC334 /* EditActionView.swift in Sources */,
				F73A88EC2882C47000213726 /* CoreDataUser+CoreDataClass.swift in Sources */,
				B8880BD7288933CD003A1AD2 /* ApprovedCard.swift in Sources */,
				B3226E9A287D504F00CBCB49 /* Actionable.swift in Sources */,
				B340B2EC28801B5800120673 /* PlanStruct.swift in Sources */,
				B35B934E287C1A380056C847 /* BuddyGoalsApp.swift in Sources */,
				B3A89298287D53A400694732 /* MainView.swift in Sources */,
				F73A88EE2882C47000213726 /* CoreDataPlan+CoreDataClass.swift in Sources */,
				F73A8905288AD20A00213726 /* AddActionViewModel.swift in Sources */,
				F73A88F02882C47000213726 /* CoreDataGoal+CoreDataClass.swift in Sources */,
				B33BD08B288A9B6C003AC334 /* ActionSubmissionView.swift in Sources */,
				F73A88FD28869D4300213726 /* GoalViewModel.swift in Sources */,
				B8880BD52889334F003A1AD2 /* WaitingSubmissionCard.swift in Sources */,
				B3226EA1287D508100CBCB49 /* Goal.swift in Sources */,
				F73A88F22882C47000213726 /* CoreDataAction+CoreDataClass.swift in Sources */,
				B340B2E928801AA000120673 /* PlanModel.swift in Sources */,
				F73A88ED2882C47000213726 /* CoreDataUser+CoreDataProperties.swift in Sources */,
				B8880BD02887FD20003A1AD2 /* BuddyProfileView.swift in Sources */,
				B3A8929E287D53FE00694732 /* AddActionView.swift in Sources */,
				B3A89294287D535000694732 /* PlanHomeView.swift in Sources */,
				B3226EA3287D508100CBCB49 /* Rank.swift in Sources */,
				B340B2E2287EB2D200120673 /* LoginView.swift in Sources */,
				B3A892A5287D550D00694732 /* CardHomeView.swift in Sources */,
				B3A8929A287D53A400694732 /* CompanionView.swift in Sources */,
				B3226EA2287D508100CBCB49 /* StringExtension.swift in Sources */,
				F73A88EB2882C47000213726 /* CoreDataPartner+CoreDataProperties.swift in Sources */,
				F73A88F12882C47000213726 /* CoreDataGoal+CoreDataProperties.swift in Sources */,
				B8880BCE2887EA7A003A1AD2 /* BuddyView.swift in Sources */,
				B3A892A0287D549700694732 /* ProfileView.swift in Sources */,
				B3226E93287D4DEA00CBCB49 /* Dailies.swift in Sources */,
			);
			runOnlyForDeploymentPostprocessing = 0;
		};
		B35B935B287C1A390056C847 /* Sources */ = {
			isa = PBXSourcesBuildPhase;
			buildActionMask = 2147483647;
			files = (
				B35B9364287C1A390056C847 /* BuddyGoalsTests.swift in Sources */,
			);
			runOnlyForDeploymentPostprocessing = 0;
		};
		B35B9365287C1A390056C847 /* Sources */ = {
			isa = PBXSourcesBuildPhase;
			buildActionMask = 2147483647;
			files = (
				B35B9370287C1A390056C847 /* BuddyGoalsUITestsLaunchTests.swift in Sources */,
				B35B936E287C1A390056C847 /* BuddyGoalsUITests.swift in Sources */,
			);
			runOnlyForDeploymentPostprocessing = 0;
		};
/* End PBXSourcesBuildPhase section */

/* Begin PBXTargetDependency section */
		B35B9361287C1A390056C847 /* PBXTargetDependency */ = {
			isa = PBXTargetDependency;
			target = B35B9349287C1A380056C847 /* BuddyGoals */;
			targetProxy = B35B9360287C1A390056C847 /* PBXContainerItemProxy */;
		};
		B35B936B287C1A390056C847 /* PBXTargetDependency */ = {
			isa = PBXTargetDependency;
			target = B35B9349287C1A380056C847 /* BuddyGoals */;
			targetProxy = B35B936A287C1A390056C847 /* PBXContainerItemProxy */;
		};
/* End PBXTargetDependency section */

/* Begin XCBuildConfiguration section */
		B35B9371287C1A390056C847 /* Debug */ = {
			isa = XCBuildConfiguration;
			buildSettings = {
				ALWAYS_SEARCH_USER_PATHS = NO;
				CLANG_ANALYZER_NONNULL = YES;
				CLANG_ANALYZER_NUMBER_OBJECT_CONVERSION = YES_AGGRESSIVE;
				CLANG_CXX_LANGUAGE_STANDARD = "gnu++17";
				CLANG_ENABLE_MODULES = YES;
				CLANG_ENABLE_OBJC_ARC = YES;
				CLANG_ENABLE_OBJC_WEAK = YES;
				CLANG_WARN_BLOCK_CAPTURE_AUTORELEASING = YES;
				CLANG_WARN_BOOL_CONVERSION = YES;
				CLANG_WARN_COMMA = YES;
				CLANG_WARN_CONSTANT_CONVERSION = YES;
				CLANG_WARN_DEPRECATED_OBJC_IMPLEMENTATIONS = YES;
				CLANG_WARN_DIRECT_OBJC_ISA_USAGE = YES_ERROR;
				CLANG_WARN_DOCUMENTATION_COMMENTS = YES;
				CLANG_WARN_EMPTY_BODY = YES;
				CLANG_WARN_ENUM_CONVERSION = YES;
				CLANG_WARN_INFINITE_RECURSION = YES;
				CLANG_WARN_INT_CONVERSION = YES;
				CLANG_WARN_NON_LITERAL_NULL_CONVERSION = YES;
				CLANG_WARN_OBJC_IMPLICIT_RETAIN_SELF = YES;
				CLANG_WARN_OBJC_LITERAL_CONVERSION = YES;
				CLANG_WARN_OBJC_ROOT_CLASS = YES_ERROR;
				CLANG_WARN_QUOTED_INCLUDE_IN_FRAMEWORK_HEADER = YES;
				CLANG_WARN_RANGE_LOOP_ANALYSIS = YES;
				CLANG_WARN_STRICT_PROTOTYPES = YES;
				CLANG_WARN_SUSPICIOUS_MOVE = YES;
				CLANG_WARN_UNGUARDED_AVAILABILITY = YES_AGGRESSIVE;
				CLANG_WARN_UNREACHABLE_CODE = YES;
				CLANG_WARN__DUPLICATE_METHOD_MATCH = YES;
				COPY_PHASE_STRIP = NO;
				DEBUG_INFORMATION_FORMAT = dwarf;
				ENABLE_STRICT_OBJC_MSGSEND = YES;
				ENABLE_TESTABILITY = YES;
				GCC_C_LANGUAGE_STANDARD = gnu11;
				GCC_DYNAMIC_NO_PIC = NO;
				GCC_NO_COMMON_BLOCKS = YES;
				GCC_OPTIMIZATION_LEVEL = 0;
				GCC_PREPROCESSOR_DEFINITIONS = (
					"DEBUG=1",
					"$(inherited)",
				);
				GCC_WARN_64_TO_32_BIT_CONVERSION = YES;
				GCC_WARN_ABOUT_RETURN_TYPE = YES_ERROR;
				GCC_WARN_UNDECLARED_SELECTOR = YES;
				GCC_WARN_UNINITIALIZED_AUTOS = YES_AGGRESSIVE;
				GCC_WARN_UNUSED_FUNCTION = YES;
				GCC_WARN_UNUSED_VARIABLE = YES;
				IPHONEOS_DEPLOYMENT_TARGET = 15.5;
				MTL_ENABLE_DEBUG_INFO = INCLUDE_SOURCE;
				MTL_FAST_MATH = YES;
				ONLY_ACTIVE_ARCH = YES;
				SDKROOT = iphoneos;
				SWIFT_ACTIVE_COMPILATION_CONDITIONS = DEBUG;
				SWIFT_OPTIMIZATION_LEVEL = "-Onone";
			};
			name = Debug;
		};
		B35B9372287C1A390056C847 /* Release */ = {
			isa = XCBuildConfiguration;
			buildSettings = {
				ALWAYS_SEARCH_USER_PATHS = NO;
				CLANG_ANALYZER_NONNULL = YES;
				CLANG_ANALYZER_NUMBER_OBJECT_CONVERSION = YES_AGGRESSIVE;
				CLANG_CXX_LANGUAGE_STANDARD = "gnu++17";
				CLANG_ENABLE_MODULES = YES;
				CLANG_ENABLE_OBJC_ARC = YES;
				CLANG_ENABLE_OBJC_WEAK = YES;
				CLANG_WARN_BLOCK_CAPTURE_AUTORELEASING = YES;
				CLANG_WARN_BOOL_CONVERSION = YES;
				CLANG_WARN_COMMA = YES;
				CLANG_WARN_CONSTANT_CONVERSION = YES;
				CLANG_WARN_DEPRECATED_OBJC_IMPLEMENTATIONS = YES;
				CLANG_WARN_DIRECT_OBJC_ISA_USAGE = YES_ERROR;
				CLANG_WARN_DOCUMENTATION_COMMENTS = YES;
				CLANG_WARN_EMPTY_BODY = YES;
				CLANG_WARN_ENUM_CONVERSION = YES;
				CLANG_WARN_INFINITE_RECURSION = YES;
				CLANG_WARN_INT_CONVERSION = YES;
				CLANG_WARN_NON_LITERAL_NULL_CONVERSION = YES;
				CLANG_WARN_OBJC_IMPLICIT_RETAIN_SELF = YES;
				CLANG_WARN_OBJC_LITERAL_CONVERSION = YES;
				CLANG_WARN_OBJC_ROOT_CLASS = YES_ERROR;
				CLANG_WARN_QUOTED_INCLUDE_IN_FRAMEWORK_HEADER = YES;
				CLANG_WARN_RANGE_LOOP_ANALYSIS = YES;
				CLANG_WARN_STRICT_PROTOTYPES = YES;
				CLANG_WARN_SUSPICIOUS_MOVE = YES;
				CLANG_WARN_UNGUARDED_AVAILABILITY = YES_AGGRESSIVE;
				CLANG_WARN_UNREACHABLE_CODE = YES;
				CLANG_WARN__DUPLICATE_METHOD_MATCH = YES;
				COPY_PHASE_STRIP = NO;
				DEBUG_INFORMATION_FORMAT = "dwarf-with-dsym";
				ENABLE_NS_ASSERTIONS = NO;
				ENABLE_STRICT_OBJC_MSGSEND = YES;
				GCC_C_LANGUAGE_STANDARD = gnu11;
				GCC_NO_COMMON_BLOCKS = YES;
				GCC_WARN_64_TO_32_BIT_CONVERSION = YES;
				GCC_WARN_ABOUT_RETURN_TYPE = YES_ERROR;
				GCC_WARN_UNDECLARED_SELECTOR = YES;
				GCC_WARN_UNINITIALIZED_AUTOS = YES_AGGRESSIVE;
				GCC_WARN_UNUSED_FUNCTION = YES;
				GCC_WARN_UNUSED_VARIABLE = YES;
				IPHONEOS_DEPLOYMENT_TARGET = 15.5;
				MTL_ENABLE_DEBUG_INFO = NO;
				MTL_FAST_MATH = YES;
				SDKROOT = iphoneos;
				SWIFT_COMPILATION_MODE = wholemodule;
				SWIFT_OPTIMIZATION_LEVEL = "-O";
				VALIDATE_PRODUCT = YES;
			};
			name = Release;
		};
		B35B9374287C1A390056C847 /* Debug */ = {
			isa = XCBuildConfiguration;
			buildSettings = {
				ASSETCATALOG_COMPILER_APPICON_NAME = AppIcon;
				ASSETCATALOG_COMPILER_GLOBAL_ACCENT_COLOR_NAME = AccentColor;
				CODE_SIGN_IDENTITY = "Apple Development";
				CODE_SIGN_STYLE = Automatic;
				CURRENT_PROJECT_VERSION = 2;
				DEVELOPMENT_ASSET_PATHS = "\"BuddyGoals/Preview Content\"";
				DEVELOPMENT_TEAM = H4B8Q4454B;
				ENABLE_PREVIEWS = YES;
				GENERATE_INFOPLIST_FILE = YES;
				INFOPLIST_KEY_UIApplicationSceneManifest_Generation = YES;
				INFOPLIST_KEY_UIApplicationSupportsIndirectInputEvents = YES;
				INFOPLIST_KEY_UILaunchScreen_Generation = YES;
				INFOPLIST_KEY_UISupportedInterfaceOrientations_iPad = "UIInterfaceOrientationPortrait UIInterfaceOrientationPortraitUpsideDown UIInterfaceOrientationLandscapeLeft UIInterfaceOrientationLandscapeRight";
				INFOPLIST_KEY_UISupportedInterfaceOrientations_iPhone = "UIInterfaceOrientationPortrait UIInterfaceOrientationLandscapeLeft UIInterfaceOrientationLandscapeRight";
				LD_RUNPATH_SEARCH_PATHS = (
					"$(inherited)",
					"@executable_path/Frameworks",
				);
				MARKETING_VERSION = 0.1.0;
				PRODUCT_BUNDLE_IDENTIFIER = com.NC2.BuddyGoals;
				PRODUCT_NAME = "$(TARGET_NAME)";
				PROVISIONING_PROFILE_SPECIFIER = "";
				SWIFT_EMIT_LOC_STRINGS = YES;
				SWIFT_VERSION = 5.0;
				TARGETED_DEVICE_FAMILY = "1,2";
			};
			name = Debug;
		};
		B35B9375287C1A390056C847 /* Release */ = {
			isa = XCBuildConfiguration;
			buildSettings = {
				ASSETCATALOG_COMPILER_APPICON_NAME = AppIcon;
				ASSETCATALOG_COMPILER_GLOBAL_ACCENT_COLOR_NAME = AccentColor;
				CODE_SIGN_IDENTITY = "Apple Development";
				CODE_SIGN_STYLE = Automatic;
				CURRENT_PROJECT_VERSION = 2;
				DEVELOPMENT_ASSET_PATHS = "\"BuddyGoals/Preview Content\"";
				DEVELOPMENT_TEAM = H4B8Q4454B;
				ENABLE_PREVIEWS = YES;
				GENERATE_INFOPLIST_FILE = YES;
				INFOPLIST_KEY_UIApplicationSceneManifest_Generation = YES;
				INFOPLIST_KEY_UIApplicationSupportsIndirectInputEvents = YES;
				INFOPLIST_KEY_UILaunchScreen_Generation = YES;
				INFOPLIST_KEY_UISupportedInterfaceOrientations_iPad = "UIInterfaceOrientationPortrait UIInterfaceOrientationPortraitUpsideDown UIInterfaceOrientationLandscapeLeft UIInterfaceOrientationLandscapeRight";
				INFOPLIST_KEY_UISupportedInterfaceOrientations_iPhone = "UIInterfaceOrientationPortrait UIInterfaceOrientationLandscapeLeft UIInterfaceOrientationLandscapeRight";
				LD_RUNPATH_SEARCH_PATHS = (
					"$(inherited)",
					"@executable_path/Frameworks",
				);
				MARKETING_VERSION = 0.1.0;
				PRODUCT_BUNDLE_IDENTIFIER = com.NC2.BuddyGoals;
				PRODUCT_NAME = "$(TARGET_NAME)";
				PROVISIONING_PROFILE_SPECIFIER = "";
				SWIFT_EMIT_LOC_STRINGS = YES;
				SWIFT_VERSION = 5.0;
				TARGETED_DEVICE_FAMILY = "1,2";
			};
			name = Release;
		};
		B35B9377287C1A390056C847 /* Debug */ = {
			isa = XCBuildConfiguration;
			buildSettings = {
				ALWAYS_EMBED_SWIFT_STANDARD_LIBRARIES = YES;
				BUNDLE_LOADER = "$(TEST_HOST)";
				CODE_SIGN_STYLE = Automatic;
				CURRENT_PROJECT_VERSION = 1;
				GENERATE_INFOPLIST_FILE = YES;
				IPHONEOS_DEPLOYMENT_TARGET = 15.5;
				MARKETING_VERSION = 1.0;
				PRODUCT_BUNDLE_IDENTIFIER = com.MC2.BuddyGoalsTests;
				PRODUCT_NAME = "$(TARGET_NAME)";
				SWIFT_EMIT_LOC_STRINGS = NO;
				SWIFT_VERSION = 5.0;
				TARGETED_DEVICE_FAMILY = "1,2";
				TEST_HOST = "$(BUILT_PRODUCTS_DIR)/BuddyGoals.app/BuddyGoals";
			};
			name = Debug;
		};
		B35B9378287C1A390056C847 /* Release */ = {
			isa = XCBuildConfiguration;
			buildSettings = {
				ALWAYS_EMBED_SWIFT_STANDARD_LIBRARIES = YES;
				BUNDLE_LOADER = "$(TEST_HOST)";
				CODE_SIGN_STYLE = Automatic;
				CURRENT_PROJECT_VERSION = 1;
				GENERATE_INFOPLIST_FILE = YES;
				IPHONEOS_DEPLOYMENT_TARGET = 15.5;
				MARKETING_VERSION = 1.0;
				PRODUCT_BUNDLE_IDENTIFIER = com.MC2.BuddyGoalsTests;
				PRODUCT_NAME = "$(TARGET_NAME)";
				SWIFT_EMIT_LOC_STRINGS = NO;
				SWIFT_VERSION = 5.0;
				TARGETED_DEVICE_FAMILY = "1,2";
				TEST_HOST = "$(BUILT_PRODUCTS_DIR)/BuddyGoals.app/BuddyGoals";
			};
			name = Release;
		};
		B35B937A287C1A390056C847 /* Debug */ = {
			isa = XCBuildConfiguration;
			buildSettings = {
				ALWAYS_EMBED_SWIFT_STANDARD_LIBRARIES = YES;
				CODE_SIGN_STYLE = Automatic;
				CURRENT_PROJECT_VERSION = 1;
				GENERATE_INFOPLIST_FILE = YES;
				MARKETING_VERSION = 1.0;
				PRODUCT_BUNDLE_IDENTIFIER = com.MC2.BuddyGoalsUITests;
				PRODUCT_NAME = "$(TARGET_NAME)";
				SWIFT_EMIT_LOC_STRINGS = NO;
				SWIFT_VERSION = 5.0;
				TARGETED_DEVICE_FAMILY = "1,2";
				TEST_TARGET_NAME = BuddyGoals;
			};
			name = Debug;
		};
		B35B937B287C1A390056C847 /* Release */ = {
			isa = XCBuildConfiguration;
			buildSettings = {
				ALWAYS_EMBED_SWIFT_STANDARD_LIBRARIES = YES;
				CODE_SIGN_STYLE = Automatic;
				CURRENT_PROJECT_VERSION = 1;
				GENERATE_INFOPLIST_FILE = YES;
				MARKETING_VERSION = 1.0;
				PRODUCT_BUNDLE_IDENTIFIER = com.MC2.BuddyGoalsUITests;
				PRODUCT_NAME = "$(TARGET_NAME)";
				SWIFT_EMIT_LOC_STRINGS = NO;
				SWIFT_VERSION = 5.0;
				TARGETED_DEVICE_FAMILY = "1,2";
				TEST_TARGET_NAME = BuddyGoals;
			};
			name = Release;
		};
/* End XCBuildConfiguration section */

/* Begin XCConfigurationList section */
		B35B9345287C1A380056C847 /* Build configuration list for PBXProject "BuddyGoals" */ = {
			isa = XCConfigurationList;
			buildConfigurations = (
				B35B9371287C1A390056C847 /* Debug */,
				B35B9372287C1A390056C847 /* Release */,
			);
			defaultConfigurationIsVisible = 0;
			defaultConfigurationName = Release;
		};
		B35B9373287C1A390056C847 /* Build configuration list for PBXNativeTarget "BuddyGoals" */ = {
			isa = XCConfigurationList;
			buildConfigurations = (
				B35B9374287C1A390056C847 /* Debug */,
				B35B9375287C1A390056C847 /* Release */,
			);
			defaultConfigurationIsVisible = 0;
			defaultConfigurationName = Release;
		};
		B35B9376287C1A390056C847 /* Build configuration list for PBXNativeTarget "BuddyGoalsTests" */ = {
			isa = XCConfigurationList;
			buildConfigurations = (
				B35B9377287C1A390056C847 /* Debug */,
				B35B9378287C1A390056C847 /* Release */,
			);
			defaultConfigurationIsVisible = 0;
			defaultConfigurationName = Release;
		};
		B35B9379287C1A390056C847 /* Build configuration list for PBXNativeTarget "BuddyGoalsUITests" */ = {
			isa = XCConfigurationList;
			buildConfigurations = (
				B35B937A287C1A390056C847 /* Debug */,
				B35B937B287C1A390056C847 /* Release */,
			);
			defaultConfigurationIsVisible = 0;
			defaultConfigurationName = Release;
		};
/* End XCConfigurationList section */

/* Begin XCVersionGroup section */
		B35B9358287C1A390056C847 /* BuddyGoals.xcdatamodeld */ = {
			isa = XCVersionGroup;
			children = (
				B35B9359287C1A390056C847 /* BuddyGoals.xcdatamodel */,
			);
			currentVersion = B35B9359287C1A390056C847 /* BuddyGoals.xcdatamodel */;
			path = BuddyGoals.xcdatamodeld;
			sourceTree = "<group>";
			versionGroupType = wrapper.xcdatamodel;
		};
/* End XCVersionGroup section */
	};
	rootObject = B35B9342287C1A380056C847 /* Project object */;
}
